// !$*UTF8*$!
{
	archiveVersion = 1;
	classes = {
	};
	objectVersion = 50;
	objects = {

/* Begin PBXBuildFile section */
		330A27DEAD4AB9A714E2473A /* Pods_NxtBuz.framework in Frameworks */ = {isa = PBXBuildFile; fileRef = BC32328FF816317F46B375B4 /* Pods_NxtBuz.framework */; };
		A5E1E81926F10213007470A4 /* NxtBuzApp.swift in Sources */ = {isa = PBXBuildFile; fileRef = A5E1E81826F10213007470A4 /* NxtBuzApp.swift */; };
		A5E1E81B26F10213007470A4 /* ContentView.swift in Sources */ = {isa = PBXBuildFile; fileRef = A5E1E81A26F10213007470A4 /* ContentView.swift */; };
		A5E1E81D26F10216007470A4 /* Assets.xcassets in Resources */ = {isa = PBXBuildFile; fileRef = A5E1E81C26F10216007470A4 /* Assets.xcassets */; };
		A5E1E82026F10216007470A4 /* Preview Assets.xcassets in Resources */ = {isa = PBXBuildFile; fileRef = A5E1E81F26F10216007470A4 /* Preview Assets.xcassets */; };
		A5E1E82B26F10217007470A4 /* NxtBuzTests.swift in Sources */ = {isa = PBXBuildFile; fileRef = A5E1E82A26F10217007470A4 /* NxtBuzTests.swift */; };
		A5E1E83626F10217007470A4 /* NxtBuzUITests.swift in Sources */ = {isa = PBXBuildFile; fileRef = A5E1E83526F10217007470A4 /* NxtBuzUITests.swift */; };
/* End PBXBuildFile section */

/* Begin PBXContainerItemProxy section */
		A5E1E82726F10216007470A4 /* PBXContainerItemProxy */ = {
			isa = PBXContainerItemProxy;
			containerPortal = A5E1E80D26F10213007470A4 /* Project object */;
			proxyType = 1;
			remoteGlobalIDString = A5E1E81426F10213007470A4;
			remoteInfo = NxtBuz;
		};
		A5E1E83226F10217007470A4 /* PBXContainerItemProxy */ = {
			isa = PBXContainerItemProxy;
			containerPortal = A5E1E80D26F10213007470A4 /* Project object */;
			proxyType = 1;
			remoteGlobalIDString = A5E1E81426F10213007470A4;
			remoteInfo = NxtBuz;
		};
/* End PBXContainerItemProxy section */

/* Begin PBXFileReference section */
		A5E1E81526F10213007470A4 /* NxtBuz.app */ = {isa = PBXFileReference; explicitFileType = wrapper.application; includeInIndex = 0; path = NxtBuz.app; sourceTree = BUILT_PRODUCTS_DIR; };
		A5E1E81826F10213007470A4 /* NxtBuzApp.swift */ = {isa = PBXFileReference; lastKnownFileType = sourcecode.swift; path = NxtBuzApp.swift; sourceTree = "<group>"; };
		A5E1E81A26F10213007470A4 /* ContentView.swift */ = {isa = PBXFileReference; lastKnownFileType = sourcecode.swift; path = ContentView.swift; sourceTree = "<group>"; };
		A5E1E81C26F10216007470A4 /* Assets.xcassets */ = {isa = PBXFileReference; lastKnownFileType = folder.assetcatalog; path = Assets.xcassets; sourceTree = "<group>"; };
		A5E1E81F26F10216007470A4 /* Preview Assets.xcassets */ = {isa = PBXFileReference; lastKnownFileType = folder.assetcatalog; path = "Preview Assets.xcassets"; sourceTree = "<group>"; };
		A5E1E82126F10216007470A4 /* Info.plist */ = {isa = PBXFileReference; lastKnownFileType = text.plist.xml; path = Info.plist; sourceTree = "<group>"; };
		A5E1E82626F10216007470A4 /* NxtBuzTests.xctest */ = {isa = PBXFileReference; explicitFileType = wrapper.cfbundle; includeInIndex = 0; path = NxtBuzTests.xctest; sourceTree = BUILT_PRODUCTS_DIR; };
		A5E1E82A26F10217007470A4 /* NxtBuzTests.swift */ = {isa = PBXFileReference; lastKnownFileType = sourcecode.swift; path = NxtBuzTests.swift; sourceTree = "<group>"; };
		A5E1E82C26F10217007470A4 /* Info.plist */ = {isa = PBXFileReference; lastKnownFileType = text.plist.xml; path = Info.plist; sourceTree = "<group>"; };
		A5E1E83126F10217007470A4 /* NxtBuzUITests.xctest */ = {isa = PBXFileReference; explicitFileType = wrapper.cfbundle; includeInIndex = 0; path = NxtBuzUITests.xctest; sourceTree = BUILT_PRODUCTS_DIR; };
		A5E1E83526F10217007470A4 /* NxtBuzUITests.swift */ = {isa = PBXFileReference; lastKnownFileType = sourcecode.swift; path = NxtBuzUITests.swift; sourceTree = "<group>"; };
		A5E1E83726F10217007470A4 /* Info.plist */ = {isa = PBXFileReference; lastKnownFileType = text.plist.xml; path = Info.plist; sourceTree = "<group>"; };
		AACB50D4905E209E0EFD01A1 /* Pods-NxtBuz.debug.xcconfig */ = {isa = PBXFileReference; includeInIndex = 1; lastKnownFileType = text.xcconfig; name = "Pods-NxtBuz.debug.xcconfig"; path = "Target Support Files/Pods-NxtBuz/Pods-NxtBuz.debug.xcconfig"; sourceTree = "<group>"; };
		B3D756E3D85E99C0D6B8FF34 /* Pods-NxtBuz.release.xcconfig */ = {isa = PBXFileReference; includeInIndex = 1; lastKnownFileType = text.xcconfig; name = "Pods-NxtBuz.release.xcconfig"; path = "Target Support Files/Pods-NxtBuz/Pods-NxtBuz.release.xcconfig"; sourceTree = "<group>"; };
		BC32328FF816317F46B375B4 /* Pods_NxtBuz.framework */ = {isa = PBXFileReference; explicitFileType = wrapper.framework; includeInIndex = 0; path = Pods_NxtBuz.framework; sourceTree = BUILT_PRODUCTS_DIR; };
/* End PBXFileReference section */

/* Begin PBXFrameworksBuildPhase section */
		A5E1E81226F10213007470A4 /* Frameworks */ = {
			isa = PBXFrameworksBuildPhase;
			buildActionMask = 2147483647;
			files = (
				330A27DEAD4AB9A714E2473A /* Pods_NxtBuz.framework in Frameworks */,
			);
			runOnlyForDeploymentPostprocessing = 0;
		};
		A5E1E82326F10216007470A4 /* Frameworks */ = {
			isa = PBXFrameworksBuildPhase;
			buildActionMask = 2147483647;
			files = (
			);
			runOnlyForDeploymentPostprocessing = 0;
		};
		A5E1E82E26F10217007470A4 /* Frameworks */ = {
			isa = PBXFrameworksBuildPhase;
			buildActionMask = 2147483647;
			files = (
			);
			runOnlyForDeploymentPostprocessing = 0;
		};
/* End PBXFrameworksBuildPhase section */

/* Begin PBXGroup section */
		85E5C2E06476F8CE84A24F24 /* Frameworks */ = {
			isa = PBXGroup;
			children = (
				BC32328FF816317F46B375B4 /* Pods_NxtBuz.framework */,
			);
			name = Frameworks;
			sourceTree = "<group>";
		};
		9F8567213E5A41566A3F5DBF /* Pods */ = {
			isa = PBXGroup;
			children = (
				AACB50D4905E209E0EFD01A1 /* Pods-NxtBuz.debug.xcconfig */,
				B3D756E3D85E99C0D6B8FF34 /* Pods-NxtBuz.release.xcconfig */,
			);
			path = Pods;
			sourceTree = "<group>";
		};
		A5E1E80C26F10213007470A4 = {
			isa = PBXGroup;
			children = (
				A5E1E81726F10213007470A4 /* NxtBuz */,
				A5E1E82926F10217007470A4 /* NxtBuzTests */,
				A5E1E83426F10217007470A4 /* NxtBuzUITests */,
				A5E1E81626F10213007470A4 /* Products */,
				9F8567213E5A41566A3F5DBF /* Pods */,
				85E5C2E06476F8CE84A24F24 /* Frameworks */,
			);
			sourceTree = "<group>";
		};
		A5E1E81626F10213007470A4 /* Products */ = {
			isa = PBXGroup;
			children = (
				A5E1E81526F10213007470A4 /* NxtBuz.app */,
				A5E1E82626F10216007470A4 /* NxtBuzTests.xctest */,
				A5E1E83126F10217007470A4 /* NxtBuzUITests.xctest */,
			);
			name = Products;
			sourceTree = "<group>";
		};
		A5E1E81726F10213007470A4 /* NxtBuz */ = {
			isa = PBXGroup;
			children = (
				A5E1E81826F10213007470A4 /* NxtBuzApp.swift */,
				A5E1E81A26F10213007470A4 /* ContentView.swift */,
				A5E1E81C26F10216007470A4 /* Assets.xcassets */,
				A5E1E82126F10216007470A4 /* Info.plist */,
				A5E1E81E26F10216007470A4 /* Preview Content */,
			);
			path = NxtBuz;
			sourceTree = "<group>";
		};
		A5E1E81E26F10216007470A4 /* Preview Content */ = {
			isa = PBXGroup;
			children = (
				A5E1E81F26F10216007470A4 /* Preview Assets.xcassets */,
			);
			path = "Preview Content";
			sourceTree = "<group>";
		};
		A5E1E82926F10217007470A4 /* NxtBuzTests */ = {
			isa = PBXGroup;
			children = (
				A5E1E82A26F10217007470A4 /* NxtBuzTests.swift */,
				A5E1E82C26F10217007470A4 /* Info.plist */,
			);
			path = NxtBuzTests;
			sourceTree = "<group>";
		};
		A5E1E83426F10217007470A4 /* NxtBuzUITests */ = {
			isa = PBXGroup;
			children = (
				A5E1E83526F10217007470A4 /* NxtBuzUITests.swift */,
				A5E1E83726F10217007470A4 /* Info.plist */,
			);
			path = NxtBuzUITests;
			sourceTree = "<group>";
		};
/* End PBXGroup section */

/* Begin PBXNativeTarget section */
		A5E1E81426F10213007470A4 /* NxtBuz */ = {
			isa = PBXNativeTarget;
			buildConfigurationList = A5E1E83A26F10217007470A4 /* Build configuration list for PBXNativeTarget "NxtBuz" */;
			buildPhases = (
				F09E266CC262F56C61E93A20 /* [CP] Check Pods Manifest.lock */,
				A5E1E81126F10213007470A4 /* Sources */,
				A5E1E81226F10213007470A4 /* Frameworks */,
				A5E1E81326F10213007470A4 /* Resources */,
			);
			buildRules = (
			);
			dependencies = (
			);
			name = NxtBuz;
			productName = NxtBuz;
			productReference = A5E1E81526F10213007470A4 /* NxtBuz.app */;
			productType = "com.apple.product-type.application";
		};
		A5E1E82526F10216007470A4 /* NxtBuzTests */ = {
			isa = PBXNativeTarget;
			buildConfigurationList = A5E1E83D26F10217007470A4 /* Build configuration list for PBXNativeTarget "NxtBuzTests" */;
			buildPhases = (
				A5E1E82226F10216007470A4 /* Sources */,
				A5E1E82326F10216007470A4 /* Frameworks */,
				A5E1E82426F10216007470A4 /* Resources */,
			);
			buildRules = (
			);
			dependencies = (
				A5E1E82826F10216007470A4 /* PBXTargetDependency */,
			);
			name = NxtBuzTests;
			productName = NxtBuzTests;
			productReference = A5E1E82626F10216007470A4 /* NxtBuzTests.xctest */;
			productType = "com.apple.product-type.bundle.unit-test";
		};
		A5E1E83026F10217007470A4 /* NxtBuzUITests */ = {
			isa = PBXNativeTarget;
			buildConfigurationList = A5E1E84026F10217007470A4 /* Build configuration list for PBXNativeTarget "NxtBuzUITests" */;
			buildPhases = (
				A5E1E82D26F10217007470A4 /* Sources */,
				A5E1E82E26F10217007470A4 /* Frameworks */,
				A5E1E82F26F10217007470A4 /* Resources */,
			);
			buildRules = (
			);
			dependencies = (
				A5E1E83326F10217007470A4 /* PBXTargetDependency */,
			);
			name = NxtBuzUITests;
			productName = NxtBuzUITests;
			productReference = A5E1E83126F10217007470A4 /* NxtBuzUITests.xctest */;
			productType = "com.apple.product-type.bundle.ui-testing";
		};
/* End PBXNativeTarget section */

/* Begin PBXProject section */
		A5E1E80D26F10213007470A4 /* Project object */ = {
			isa = PBXProject;
			attributes = {
				LastSwiftUpdateCheck = 1250;
				LastUpgradeCheck = 1250;
				TargetAttributes = {
					A5E1E81426F10213007470A4 = {
						CreatedOnToolsVersion = 12.5;
					};
					A5E1E82526F10216007470A4 = {
						CreatedOnToolsVersion = 12.5;
						TestTargetID = A5E1E81426F10213007470A4;
					};
					A5E1E83026F10217007470A4 = {
						CreatedOnToolsVersion = 12.5;
						TestTargetID = A5E1E81426F10213007470A4;
					};
				};
			};
			buildConfigurationList = A5E1E81026F10213007470A4 /* Build configuration list for PBXProject "NxtBuz" */;
			compatibilityVersion = "Xcode 9.3";
			developmentRegion = en;
			hasScannedForEncodings = 0;
			knownRegions = (
				en,
				Base,
			);
			mainGroup = A5E1E80C26F10213007470A4;
			productRefGroup = A5E1E81626F10213007470A4 /* Products */;
			projectDirPath = "";
			projectRoot = "";
			targets = (
				A5E1E81426F10213007470A4 /* NxtBuz */,
				A5E1E82526F10216007470A4 /* NxtBuzTests */,
				A5E1E83026F10217007470A4 /* NxtBuzUITests */,
			);
		};
/* End PBXProject section */

/* Begin PBXResourcesBuildPhase section */
		A5E1E81326F10213007470A4 /* Resources */ = {
			isa = PBXResourcesBuildPhase;
			buildActionMask = 2147483647;
			files = (
				A5E1E82026F10216007470A4 /* Preview Assets.xcassets in Resources */,
				A5E1E81D26F10216007470A4 /* Assets.xcassets in Resources */,
			);
			runOnlyForDeploymentPostprocessing = 0;
		};
		A5E1E82426F10216007470A4 /* Resources */ = {
			isa = PBXResourcesBuildPhase;
			buildActionMask = 2147483647;
			files = (
			);
			runOnlyForDeploymentPostprocessing = 0;
		};
		A5E1E82F26F10217007470A4 /* Resources */ = {
			isa = PBXResourcesBuildPhase;
			buildActionMask = 2147483647;
			files = (
			);
			runOnlyForDeploymentPostprocessing = 0;
		};
/* End PBXResourcesBuildPhase section */

/* Begin PBXShellScriptBuildPhase section */
		F09E266CC262F56C61E93A20 /* [CP] Check Pods Manifest.lock */ = {
			isa = PBXShellScriptBuildPhase;
			buildActionMask = 2147483647;
			files = (
			);
			inputFileListPaths = (
			);
			inputPaths = (
				"${PODS_PODFILE_DIR_PATH}/Podfile.lock",
				"${PODS_ROOT}/Manifest.lock",
			);
			name = "[CP] Check Pods Manifest.lock";
			outputFileListPaths = (
			);
			outputPaths = (
				"$(DERIVED_FILE_DIR)/Pods-NxtBuz-checkManifestLockResult.txt",
			);
			runOnlyForDeploymentPostprocessing = 0;
			shellPath = /bin/sh;
			shellScript = "diff \"${PODS_PODFILE_DIR_PATH}/Podfile.lock\" \"${PODS_ROOT}/Manifest.lock\" > /dev/null\nif [ $? != 0 ] ; then\n    # print error to STDERR\n    echo \"error: The sandbox is not in sync with the Podfile.lock. Run 'pod install' or update your CocoaPods installation.\" >&2\n    exit 1\nfi\n# This output is used by Xcode 'outputs' to avoid re-running this script phase.\necho \"SUCCESS\" > \"${SCRIPT_OUTPUT_FILE_0}\"\n";
			showEnvVarsInLog = 0;
		};
/* End PBXShellScriptBuildPhase section */

/* Begin PBXSourcesBuildPhase section */
		A5E1E81126F10213007470A4 /* Sources */ = {
			isa = PBXSourcesBuildPhase;
			buildActionMask = 2147483647;
			files = (
				A5E1E81B26F10213007470A4 /* ContentView.swift in Sources */,
				A5E1E81926F10213007470A4 /* NxtBuzApp.swift in Sources */,
			);
			runOnlyForDeploymentPostprocessing = 0;
		};
		A5E1E82226F10216007470A4 /* Sources */ = {
			isa = PBXSourcesBuildPhase;
			buildActionMask = 2147483647;
			files = (
				A5E1E82B26F10217007470A4 /* NxtBuzTests.swift in Sources */,
			);
			runOnlyForDeploymentPostprocessing = 0;
		};
		A5E1E82D26F10217007470A4 /* Sources */ = {
			isa = PBXSourcesBuildPhase;
			buildActionMask = 2147483647;
			files = (
				A5E1E83626F10217007470A4 /* NxtBuzUITests.swift in Sources */,
			);
			runOnlyForDeploymentPostprocessing = 0;
		};
/* End PBXSourcesBuildPhase section */

/* Begin PBXTargetDependency section */
		A5E1E82826F10216007470A4 /* PBXTargetDependency */ = {
			isa = PBXTargetDependency;
			target = A5E1E81426F10213007470A4 /* NxtBuz */;
			targetProxy = A5E1E82726F10216007470A4 /* PBXContainerItemProxy */;
		};
		A5E1E83326F10217007470A4 /* PBXTargetDependency */ = {
			isa = PBXTargetDependency;
			target = A5E1E81426F10213007470A4 /* NxtBuz */;
			targetProxy = A5E1E83226F10217007470A4 /* PBXContainerItemProxy */;
		};
/* End PBXTargetDependency section */

/* Begin XCBuildConfiguration section */
		A5E1E83826F10217007470A4 /* Debug */ = {
			isa = XCBuildConfiguration;
			buildSettings = {
				ALWAYS_SEARCH_USER_PATHS = NO;
				CLANG_ANALYZER_NONNULL = YES;
				CLANG_ANALYZER_NUMBER_OBJECT_CONVERSION = YES_AGGRESSIVE;
				CLANG_CXX_LANGUAGE_STANDARD = "gnu++14";
				CLANG_CXX_LIBRARY = "libc++";
				CLANG_ENABLE_MODULES = YES;
				CLANG_ENABLE_OBJC_ARC = YES;
				CLANG_ENABLE_OBJC_WEAK = YES;
				CLANG_WARN_BLOCK_CAPTURE_AUTORELEASING = YES;
				CLANG_WARN_BOOL_CONVERSION = YES;
				CLANG_WARN_COMMA = YES;
				CLANG_WARN_CONSTANT_CONVERSION = YES;
				CLANG_WARN_DEPRECATED_OBJC_IMPLEMENTATIONS = YES;
				CLANG_WARN_DIRECT_OBJC_ISA_USAGE = YES_ERROR;
				CLANG_WARN_DOCUMENTATION_COMMENTS = YES;
				CLANG_WARN_EMPTY_BODY = YES;
				CLANG_WARN_ENUM_CONVERSION = YES;
				CLANG_WARN_INFINITE_RECURSION = YES;
				CLANG_WARN_INT_CONVERSION = YES;
				CLANG_WARN_NON_LITERAL_NULL_CONVERSION = YES;
				CLANG_WARN_OBJC_IMPLICIT_RETAIN_SELF = YES;
				CLANG_WARN_OBJC_LITERAL_CONVERSION = YES;
				CLANG_WARN_OBJC_ROOT_CLASS = YES_ERROR;
				CLANG_WARN_QUOTED_INCLUDE_IN_FRAMEWORK_HEADER = YES;
				CLANG_WARN_RANGE_LOOP_ANALYSIS = YES;
				CLANG_WARN_STRICT_PROTOTYPES = YES;
				CLANG_WARN_SUSPICIOUS_MOVE = YES;
				CLANG_WARN_UNGUARDED_AVAILABILITY = YES_AGGRESSIVE;
				CLANG_WARN_UNREACHABLE_CODE = YES;
				CLANG_WARN__DUPLICATE_METHOD_MATCH = YES;
				COPY_PHASE_STRIP = NO;
				DEBUG_INFORMATION_FORMAT = dwarf;
				ENABLE_STRICT_OBJC_MSGSEND = YES;
				ENABLE_TESTABILITY = YES;
				GCC_C_LANGUAGE_STANDARD = gnu11;
				GCC_DYNAMIC_NO_PIC = NO;
				GCC_NO_COMMON_BLOCKS = YES;
				GCC_OPTIMIZATION_LEVEL = 0;
				GCC_PREPROCESSOR_DEFINITIONS = (
					"DEBUG=1",
					"$(inherited)",
				);
				GCC_WARN_64_TO_32_BIT_CONVERSION = YES;
				GCC_WARN_ABOUT_RETURN_TYPE = YES_ERROR;
				GCC_WARN_UNDECLARED_SELECTOR = YES;
				GCC_WARN_UNINITIALIZED_AUTOS = YES_AGGRESSIVE;
				GCC_WARN_UNUSED_FUNCTION = YES;
				GCC_WARN_UNUSED_VARIABLE = YES;
				IPHONEOS_DEPLOYMENT_TARGET = 14.5;
				MTL_ENABLE_DEBUG_INFO = INCLUDE_SOURCE;
				MTL_FAST_MATH = YES;
				ONLY_ACTIVE_ARCH = YES;
				SDKROOT = iphoneos;
				SWIFT_ACTIVE_COMPILATION_CONDITIONS = DEBUG;
				SWIFT_OPTIMIZATION_LEVEL = "-Onone";
			};
			name = Debug;
		};
		A5E1E83926F10217007470A4 /* Release */ = {
			isa = XCBuildConfiguration;
			buildSettings = {
				ALWAYS_SEARCH_USER_PATHS = NO;
				CLANG_ANALYZER_NONNULL = YES;
				CLANG_ANALYZER_NUMBER_OBJECT_CONVERSION = YES_AGGRESSIVE;
				CLANG_CXX_LANGUAGE_STANDARD = "gnu++14";
				CLANG_CXX_LIBRARY = "libc++";
				CLANG_ENABLE_MODULES = YES;
				CLANG_ENABLE_OBJC_ARC = YES;
				CLANG_ENABLE_OBJC_WEAK = YES;
				CLANG_WARN_BLOCK_CAPTURE_AUTORELEASING = YES;
				CLANG_WARN_BOOL_CONVERSION = YES;
				CLANG_WARN_COMMA = YES;
				CLANG_WARN_CONSTANT_CONVERSION = YES;
				CLANG_WARN_DEPRECATED_OBJC_IMPLEMENTATIONS = YES;
				CLANG_WARN_DIRECT_OBJC_ISA_USAGE = YES_ERROR;
				CLANG_WARN_DOCUMENTATION_COMMENTS = YES;
				CLANG_WARN_EMPTY_BODY = YES;
				CLANG_WARN_ENUM_CONVERSION = YES;
				CLANG_WARN_INFINITE_RECURSION = YES;
				CLANG_WARN_INT_CONVERSION = YES;
				CLANG_WARN_NON_LITERAL_NULL_CONVERSION = YES;
				CLANG_WARN_OBJC_IMPLICIT_RETAIN_SELF = YES;
				CLANG_WARN_OBJC_LITERAL_CONVERSION = YES;
				CLANG_WARN_OBJC_ROOT_CLASS = YES_ERROR;
				CLANG_WARN_QUOTED_INCLUDE_IN_FRAMEWORK_HEADER = YES;
				CLANG_WARN_RANGE_LOOP_ANALYSIS = YES;
				CLANG_WARN_STRICT_PROTOTYPES = YES;
				CLANG_WARN_SUSPICIOUS_MOVE = YES;
				CLANG_WARN_UNGUARDED_AVAILABILITY = YES_AGGRESSIVE;
				CLANG_WARN_UNREACHABLE_CODE = YES;
				CLANG_WARN__DUPLICATE_METHOD_MATCH = YES;
				COPY_PHASE_STRIP = NO;
				DEBUG_INFORMATION_FORMAT = "dwarf-with-dsym";
				ENABLE_NS_ASSERTIONS = NO;
				ENABLE_STRICT_OBJC_MSGSEND = YES;
				GCC_C_LANGUAGE_STANDARD = gnu11;
				GCC_NO_COMMON_BLOCKS = YES;
				GCC_WARN_64_TO_32_BIT_CONVERSION = YES;
				GCC_WARN_ABOUT_RETURN_TYPE = YES_ERROR;
				GCC_WARN_UNDECLARED_SELECTOR = YES;
				GCC_WARN_UNINITIALIZED_AUTOS = YES_AGGRESSIVE;
				GCC_WARN_UNUSED_FUNCTION = YES;
				GCC_WARN_UNUSED_VARIABLE = YES;
				IPHONEOS_DEPLOYMENT_TARGET = 14.5;
				MTL_ENABLE_DEBUG_INFO = NO;
				MTL_FAST_MATH = YES;
				SDKROOT = iphoneos;
				SWIFT_COMPILATION_MODE = wholemodule;
				SWIFT_OPTIMIZATION_LEVEL = "-O";
				VALIDATE_PRODUCT = YES;
			};
			name = Release;
		};
		A5E1E83B26F10217007470A4 /* Debug */ = {
			isa = XCBuildConfiguration;
			baseConfigurationReference = AACB50D4905E209E0EFD01A1 /* Pods-NxtBuz.debug.xcconfig */;
			buildSettings = {
				ASSETCATALOG_COMPILER_APPICON_NAME = AppIcon;
				ASSETCATALOG_COMPILER_GLOBAL_ACCENT_COLOR_NAME = AccentColor;
				CODE_SIGN_STYLE = Automatic;
				DEVELOPMENT_ASSET_PATHS = "\"NxtBuz/Preview Content\"";
				DEVELOPMENT_TEAM = 8R42UC58VT;
				ENABLE_PREVIEWS = YES;
				INFOPLIST_FILE = NxtBuz/Info.plist;
				IPHONEOS_DEPLOYMENT_TARGET = 14.0;
				LD_RUNPATH_SEARCH_PATHS = (
					"$(inherited)",
					"@executable_path/Frameworks",
				);
				OTHER_LDFLAGS = (
					"$(inherited)",
					"-ObjC",
					"-l\"c++\"",
					"-framework",
					"\"iosUmbrella\"",
					"-l\"sqlite3\"",
				);
				PRODUCT_BUNDLE_IDENTIFIER = io.github.amanshuraikwar.NxtBuz;
				PRODUCT_NAME = "$(TARGET_NAME)";
				SWIFT_VERSION = 5.0;
				TARGETED_DEVICE_FAMILY = "1,2";
			};
			name = Debug;
		};
		A5E1E83C26F10217007470A4 /* Release */ = {
			isa = XCBuildConfiguration;
			baseConfigurationReference = B3D756E3D85E99C0D6B8FF34 /* Pods-NxtBuz.release.xcconfig */;
			buildSettings = {
				ASSETCATALOG_COMPILER_APPICON_NAME = AppIcon;
				ASSETCATALOG_COMPILER_GLOBAL_ACCENT_COLOR_NAME = AccentColor;
				CODE_SIGN_STYLE = Automatic;
				DEVELOPMENT_ASSET_PATHS = "\"NxtBuz/Preview Content\"";
				DEVELOPMENT_TEAM = 8R42UC58VT;
				ENABLE_PREVIEWS = YES;
				INFOPLIST_FILE = NxtBuz/Info.plist;
				IPHONEOS_DEPLOYMENT_TARGET = 14.0;
				LD_RUNPATH_SEARCH_PATHS = (
					"$(inherited)",
					"@executable_path/Frameworks",
				);
				PRODUCT_BUNDLE_IDENTIFIER = io.github.amanshuraikwar.NxtBuz;
				PRODUCT_NAME = "$(TARGET_NAME)";
				SWIFT_VERSION = 5.0;
				TARGETED_DEVICE_FAMILY = "1,2";
			};
			name = Release;
		};
		A5E1E83E26F10217007470A4 /* Debug */ = {
			isa = XCBuildConfiguration;
			buildSettings = {
				ALWAYS_EMBED_SWIFT_STANDARD_LIBRARIES = YES;
				BUNDLE_LOADER = "$(TEST_HOST)";
				CODE_SIGN_STYLE = Automatic;
				DEVELOPMENT_TEAM = 8R42UC58VT;
				INFOPLIST_FILE = NxtBuzTests/Info.plist;
				IPHONEOS_DEPLOYMENT_TARGET = 14.0;
				LD_RUNPATH_SEARCH_PATHS = (
					"$(inherited)",
					"@executable_path/Frameworks",
					"@loader_path/Frameworks",
				);
				PRODUCT_BUNDLE_IDENTIFIER = io.github.amanshuraikwar.NxtBuzTests;
				PRODUCT_NAME = "$(TARGET_NAME)";
				SWIFT_VERSION = 5.0;
				TARGETED_DEVICE_FAMILY = "1,2";
				TEST_HOST = "$(BUILT_PRODUCTS_DIR)/NxtBuz.app/NxtBuz";
			};
			name = Debug;
		};
		A5E1E83F26F10217007470A4 /* Release */ = {
			isa = XCBuildConfiguration;
			buildSettings = {
				ALWAYS_EMBED_SWIFT_STANDARD_LIBRARIES = YES;
				BUNDLE_LOADER = "$(TEST_HOST)";
				CODE_SIGN_STYLE = Automatic;
				DEVELOPMENT_TEAM = 8R42UC58VT;
				INFOPLIST_FILE = NxtBuzTests/Info.plist;
				IPHONEOS_DEPLOYMENT_TARGET = 14.0;
				LD_RUNPATH_SEARCH_PATHS = (
					"$(inherited)",
					"@executable_path/Frameworks",
					"@loader_path/Frameworks",
				);
				PRODUCT_BUNDLE_IDENTIFIER = io.github.amanshuraikwar.NxtBuzTests;
				PRODUCT_NAME = "$(TARGET_NAME)";
				SWIFT_VERSION = 5.0;
				TARGETED_DEVICE_FAMILY = "1,2";
				TEST_HOST = "$(BUILT_PRODUCTS_DIR)/NxtBuz.app/NxtBuz";
			};
			name = Release;
		};
		A5E1E84126F10217007470A4 /* Debug */ = {
			isa = XCBuildConfiguration;
			buildSettings = {
				ALWAYS_EMBED_SWIFT_STANDARD_LIBRARIES = YES;
				CODE_SIGN_STYLE = Automatic;
				DEVELOPMENT_TEAM = 8R42UC58VT;
				INFOPLIST_FILE = NxtBuzUITests/Info.plist;
				LD_RUNPATH_SEARCH_PATHS = (
					"$(inherited)",
					"@executable_path/Frameworks",
					"@loader_path/Frameworks",
				);
				PRODUCT_BUNDLE_IDENTIFIER = io.github.amanshuraikwar.NxtBuzUITests;
				PRODUCT_NAME = "$(TARGET_NAME)";
				SWIFT_VERSION = 5.0;
				TARGETED_DEVICE_FAMILY = "1,2";
				TEST_TARGET_NAME = NxtBuz;
			};
			name = Debug;
		};
		A5E1E84226F10217007470A4 /* Release */ = {
			isa = XCBuildConfiguration;
			buildSettings = {
				ALWAYS_EMBED_SWIFT_STANDARD_LIBRARIES = YES;
				CODE_SIGN_STYLE = Automatic;
				DEVELOPMENT_TEAM = 8R42UC58VT;
				INFOPLIST_FILE = NxtBuzUITests/Info.plist;
				LD_RUNPATH_SEARCH_PATHS = (
					"$(inherited)",
					"@executable_path/Frameworks",
					"@loader_path/Frameworks",
				);
				PRODUCT_BUNDLE_IDENTIFIER = io.github.amanshuraikwar.NxtBuzUITests;
				PRODUCT_NAME = "$(TARGET_NAME)";
				SWIFT_VERSION = 5.0;
				TARGETED_DEVICE_FAMILY = "1,2";
				TEST_TARGET_NAME = NxtBuz;
			};
			name = Release;
		};
/* End XCBuildConfiguration section */

/* Begin XCConfigurationList section */
		A5E1E81026F10213007470A4 /* Build configuration list for PBXProject "NxtBuz" */ = {
			isa = XCConfigurationList;
			buildConfigurations = (
				A5E1E83826F10217007470A4 /* Debug */,
				A5E1E83926F10217007470A4 /* Release */,
			);
			defaultConfigurationIsVisible = 0;
			defaultConfigurationName = Release;
		};
		A5E1E83A26F10217007470A4 /* Build configuration list for PBXNativeTarget "NxtBuz" */ = {
			isa = XCConfigurationList;
			buildConfigurations = (
				A5E1E83B26F10217007470A4 /* Debug */,
				A5E1E83C26F10217007470A4 /* Release */,
			);
			defaultConfigurationIsVisible = 0;
			defaultConfigurationName = Release;
		};
		A5E1E83D26F10217007470A4 /* Build configuration list for PBXNativeTarget "NxtBuzTests" */ = {
			isa = XCConfigurationList;
			buildConfigurations = (
				A5E1E83E26F10217007470A4 /* Debug */,
				A5E1E83F26F10217007470A4 /* Release */,
			);
			defaultConfigurationIsVisible = 0;
			defaultConfigurationName = Release;
		};
		A5E1E84026F10217007470A4 /* Build configuration list for PBXNativeTarget "NxtBuzUITests" */ = {
			isa = XCConfigurationList;
			buildConfigurations = (
				A5E1E84126F10217007470A4 /* Debug */,
				A5E1E84226F10217007470A4 /* Release */,
			);
			defaultConfigurationIsVisible = 0;
			defaultConfigurationName = Release;
		};
/* End XCConfigurationList section */
	};
	rootObject = A5E1E80D26F10213007470A4 /* Project object */;
}
